{
  "checksum": "da3f45c4d36a4f1124a98c17de1ec25230497180771133fe7fa49b64dfcb43e2",
  "crates": {
    "autocfg 1.1.0": {
      "name": "autocfg",
      "version": "1.1.0",
      "repository": {
        "Http": {
          "url": "https://crates.io/api/v1/crates/autocfg/1.1.0/download",
          "sha256": "d468802bab17cbc0cc575e9b053f41e72aa36bfa6b7f55e3529ffa43161b97fa"
        }
      },
      "targets": [
        {
          "Library": {
            "crate_name": "autocfg",
            "crate_root": "src/lib.rs",
            "srcs": {
              "include": [
                "**/*.rs"
              ],
              "exclude": []
            }
          }
        }
      ],
      "library_target_name": "autocfg",
      "common_attrs": {
        "compile_data_glob": [
          "**"
        ],
        "edition": "2015",
        "version": "1.1.0"
      },
      "license": "Apache-2.0 OR MIT"
    },
    "direct-cargo-bazel-deps 0.0.1": {
      "name": "direct-cargo-bazel-deps",
      "version": "0.0.1",
      "repository": null,
      "targets": [
        {
          "Library": {
            "crate_name": "direct_cargo_bazel_deps",
            "crate_root": ".direct_cargo_bazel_deps.rs",
            "srcs": {
              "include": [
                "**/*.rs"
              ],
              "exclude": []
            }
          }
        }
      ],
      "library_target_name": "direct_cargo_bazel_deps",
      "common_attrs": {
        "compile_data_glob": [
          "**"
        ],
        "deps": {
          "common": [
            {
              "id": "float-cmp 0.9.0",
              "target": "float_cmp"
            }
          ],
          "selects": {}
        },
        "edition": "2018",
        "version": "0.0.1"
      },
      "license": null
    },
    "float-cmp 0.9.0": {
      "name": "float-cmp",
      "version": "0.9.0",
      "repository": {
        "Http": {
          "url": "https://crates.io/api/v1/crates/float-cmp/0.9.0/download",
          "sha256": "98de4bbd547a563b716d8dfa9aad1cb19bfab00f4fa09a6a4ed21dbcf44ce9c4"
        }
      },
      "targets": [
        {
          "Library": {
            "crate_name": "float_cmp",
            "crate_root": "src/lib.rs",
            "srcs": {
              "include": [
                "**/*.rs"
              ],
              "exclude": []
            }
          }
        }
      ],
      "library_target_name": "float_cmp",
      "common_attrs": {
        "compile_data_glob": [
          "**"
        ],
        "crate_features": [
          "default",
          "num-traits",
          "ratio"
        ],
        "deps": {
          "common": [
            {
              "id": "num-traits 0.2.15",
              "target": "num_traits"
            }
          ],
          "selects": {}
        },
        "edition": "2018",
        "version": "0.9.0"
      },
      "license": "MIT"
    },
    "num-traits 0.2.15": {
      "name": "num-traits",
      "version": "0.2.15",
      "repository": {
        "Http": {
          "url": "https://crates.io/api/v1/crates/num-traits/0.2.15/download",
          "sha256": "578ede34cf02f8924ab9447f50c28075b4d3e5b269972345e7e0372b38c6cdcd"
        }
      },
      "targets": [
        {
          "Library": {
            "crate_name": "num_traits",
            "crate_root": "src/lib.rs",
            "srcs": {
              "include": [
                "**/*.rs"
              ],
              "exclude": []
            }
          }
        },
        {
          "BuildScript": {
            "crate_name": "build_script_build",
            "crate_root": "build.rs",
            "srcs": {
              "include": [
                "**/*.rs"
              ],
              "exclude": []
            }
          }
        }
      ],
      "library_target_name": "num_traits",
      "common_attrs": {
        "compile_data_glob": [
          "**"
        ],
        "deps": {
          "common": [
            {
              "id": "num-traits 0.2.15",
              "target": "build_script_build"
            }
          ],
          "selects": {}
        },
        "edition": "2015",
        "version": "0.2.15"
      },
      "build_script_attrs": {
        "data_glob": [
          "**"
        ],
        "deps": {
          "common": [
            {
              "id": "autocfg 1.1.0",
              "target": "autocfg"
            }
          ],
          "selects": {}
        }
      },
      "license": "MIT OR Apache-2.0"
    }
  },
  "binary_crates": [],
  "workspace_members": {
    "direct-cargo-bazel-deps 0.0.1": ""
  },
  "conditions": {}
}
